
Microsoft Visual Studio Solution File, Format Version 12.00
# Visual Studio Version 16
VisualStudioVersion = 16.0.31702.278
MinimumVisualStudioVersion = 10.0.40219.1
Project("{9A19103F-16F7-4668-BE54-9A1E7A4F7556}") = "DynomoDB_API", "DynomoDB_API\DynomoDB_API.csproj", "{2E069D2A-3AD4-4920-BBFD-0D3DF5FCA5F8}"
EndProject
Project("{FAE04EC0-301F-11D3-BF4B-00C04F79EFBC}") = "DynomoDB.Libs", "DynomoDB.Libs\DynomoDB.Libs.csproj", "{5EDD5C03-15C4-4BE5-958F-BF0C6877F9A3}"
EndProject
Global
	GlobalSection(SolutionConfigurationPlatforms) = preSolution
		Debug|Any CPU = Debug|Any CPU
		Release|Any CPU = Release|Any CPU
	EndGlobalSection
	GlobalSection(ProjectConfigurationPlatforms) = postSolution
		{2E069D2A-3AD4-4920-BBFD-0D3DF5FCA5F8}.Debug|Any CPU.ActiveCfg = Debug|Any CPU
		{2E069D2A-3AD4-4920-BBFD-0D3DF5FCA5F8}.Debug|Any CPU.Build.0 = Debug|Any CPU
		{2E069D2A-3AD4-4920-BBFD-0D3DF5FCA5F8}.Release|Any CPU.ActiveCfg = Release|Any CPU
		{2E069D2A-3AD4-4920-BBFD-0D3DF5FCA5F8}.Release|Any CPU.Build.0 = Release|Any CPU
		{5EDD5C03-15C4-4BE5-958F-BF0C6877F9A3}.Debug|Any CPU.ActiveCfg = Debug|Any CPU
		{5EDD5C03-15C4-4BE5-958F-BF0C6877F9A3}.Debug|Any CPU.Build.0 = Debug|Any CPU
		{5EDD5C03-15C4-4BE5-958F-BF0C6877F9A3}.Release|Any CPU.ActiveCfg = Release|Any CPU
		{5EDD5C03-15C4-4BE5-958F-BF0C6877F9A3}.Release|Any CPU.Build.0 = Release|Any CPU
	EndGlobalSection
	GlobalSection(SolutionProperties) = preSolution
		HideSolutionNode = FALSE
	EndGlobalSection
	GlobalSection(ExtensibilityGlobals) = postSolution
		SolutionGuid = {CE71E8C8-C3E8-4CC2-88BF-E42CD18D13DA}
	EndGlobalSection
EndGlobal
